
Microsoft Visual Studio Solution File, Format Version 12.00
# Visual Studio Version 16
VisualStudioVersion = 16.0.30104.148
MinimumVisualStudioVersion = 10.0.40219.1
Project("{FAE04EC0-301F-11D3-BF4B-00C04F79EFBC}") = "Lessons", "Lessons\Lessons.csproj", "{0B986C07-D835-4203-A9EC-9BA5805D52B3}"
EndProject
Global
	GlobalSection(SolutionConfigurationPlatforms) = preSolution
		Debug|Any CPU = Debug|Any CPU
		Release|Any CPU = Release|Any CPU
	EndGlobalSection
	GlobalSection(ProjectConfigurationPlatforms) = postSolution
		{0B986C07-D835-4203-A9EC-9BA5805D52B3}.Debug|Any CPU.ActiveCfg = Debug|Any CPU
		{0B986C07-D835-4203-A9EC-9BA5805D52B3}.Debug|Any CPU.Build.0 = Debug|Any CPU
		{0B986C07-D835-4203-A9EC-9BA5805D52B3}.Release|Any CPU.ActiveCfg = Release|Any CPU
		{0B986C07-D835-4203-A9EC-9BA5805D52B3}.Release|Any CPU.Build.0 = Release|Any CPU
	EndGlobalSection
	GlobalSection(SolutionProperties) = preSolution
		HideSolutionNode = FALSE
	EndGlobalSection
	GlobalSection(ExtensibilityGlobals) = postSolution
		SolutionGuid = {A0221286-6602-41F9-A772-FBC8B7757E6F}
	EndGlobalSection
EndGlobal
